{
  "originHash" : "9c0cd1fd4d5e03dfc93871e0ea3e635fe3bfb890e97251953f53998d7d852966",
  "pins" : [
    {
      "identity" : "indentation",
      "kind" : "remoteSourceControl",
      "location" : "https://github.com/leviouwendijk/Indentation.git",
      "state" : {
        "branch" : "master",
        "revision" : "8b85325433aa97ee19c9c77f564500be189978d6"
      }
    },
    {
      "identity" : "interfaces",
      "kind" : "remoteSourceControl",
      "location" : "https://github.com/leviouwendijk/Interfaces.git",
      "state" : {
        "branch" : "master",
        "revision" : "3b63f997837d763ce8bb50a1c90a071f79dca7e8"
      }
    },
    {
      "identity" : "path",
      "kind" : "remoteSourceControl",
      "location" : "https://github.com/leviouwendijk/Path.git",
      "state" : {
        "branch" : "master",
        "revision" : "b18278a4832ef11e4d6c8051e1ff1c03363c03a5"
      }
    },
    {
      "identity" : "plate",
      "kind" : "remoteSourceControl",
      "location" : "https://github.com/leviouwendijk/plate.git",
      "state" : {
        "branch" : "master",
        "revision" : "b83a19b7d494bffd85d36da5733520c2b475ef80"
      }
    },
    {
      "identity" : "primitives",
      "kind" : "remoteSourceControl",
      "location" : "https://github.com/leviouwendijk/Primitives.git",
      "state" : {
        "branch" : "master",
        "revision" : "3a899c26f691807ef4c36370d364698a64c99e77"
      }
    },
    {
      "identity" : "strings",
      "kind" : "remoteSourceControl",
      "location" : "https://github.com/leviouwendijk/Strings.git",
      "state" : {
        "branch" : "master",
        "revision" : "86a939d7bbb3e25808f88fbcedcee4069a5a5ae1"
      }
    },
    {
      "identity" : "terminal",
      "kind" : "remoteSourceControl",
      "location" : "https://github.com/leviouwendijk/Terminal.git",
      "state" : {
        "branch" : "master",
        "revision" : "972943a2d925f8ba4bebf99c1af590de8fe896e0"
      }
    },
    {
      "identity" : "version",
      "kind" : "remoteSourceControl",
      "location" : "https://github.com/leviouwendijk/Version.git",
      "state" : {
        "branch" : "master",
        "revision" : "a7eeda6e3b84eca36f61366e5d420787c9aba69f"
      }
    }
  ],
  "version" : 3
}
