{
  "originHash" : "224c80e32dc3c1c89cd5ac182f5a16ecb79dc75f282a0884ef0ab3c12f668c3e",
  "pins" : [
    {
      "identity" : "extensions",
      "kind" : "remoteSourceControl",
      "location" : "https://github.com/leviouwendijk/Extensions.git",
      "state" : {
        "branch" : "master",
        "revision" : "3310d463b1bc509cccd8e75f0acc221e153f5dff"
      }
    },
    {
      "identity" : "interfaces",
      "kind" : "remoteSourceControl",
      "location" : "https://github.com/leviouwendijk/Interfaces.git",
      "state" : {
        "branch" : "master",
        "revision" : "e1174ed1d344407a1c0343b9f6ebe68e0e171f30"
      }
    },
    {
      "identity" : "plate",
      "kind" : "remoteSourceControl",
      "location" : "https://github.com/leviouwendijk/plate.git",
      "state" : {
        "branch" : "master",
        "revision" : "7e9a1eb0ea8d26c37d3ff8acda9319f56c71fb5e"
      }
    },
    {
      "identity" : "structures",
      "kind" : "remoteSourceControl",
      "location" : "https://github.com/leviouwendijk/Structures.git",
      "state" : {
        "branch" : "master",
        "revision" : "ee6c6836b897caff5a2f9111351976264a043076"
      }
    }
  ],
  "version" : 3
}
