{
  "originHash" : "224c80e32dc3c1c89cd5ac182f5a16ecb79dc75f282a0884ef0ab3c12f668c3e",
  "pins" : [
    {
      "identity" : "extensions",
      "kind" : "remoteSourceControl",
      "location" : "https://github.com/leviouwendijk/Extensions.git",
      "state" : {
        "branch" : "master",
        "revision" : "3310d463b1bc509cccd8e75f0acc221e153f5dff"
      }
    },
    {
      "identity" : "interfaces",
      "kind" : "remoteSourceControl",
      "location" : "https://github.com/leviouwendijk/Interfaces.git",
      "state" : {
        "branch" : "master",
        "revision" : "f8a2890373983af61a3ee003ab914db1292cbb9f"
      }
    },
    {
      "identity" : "plate",
      "kind" : "remoteSourceControl",
      "location" : "https://github.com/leviouwendijk/plate.git",
      "state" : {
        "branch" : "master",
        "revision" : "ee8d1560d30d7517d8b15e457cd3b0c52fb7c3a7"
      }
    },
    {
      "identity" : "structures",
      "kind" : "remoteSourceControl",
      "location" : "https://github.com/leviouwendijk/Structures.git",
      "state" : {
        "branch" : "master",
        "revision" : "ee6c6836b897caff5a2f9111351976264a043076"
      }
    }
  ],
  "version" : 3
}
